
Microsoft Visual Studio Solution File, Format Version 12.00
# Visual Studio Version 16
VisualStudioVersion = 16.0.31105.61
MinimumVisualStudioVersion = 10.0.40219.1
Project("{FAE04EC0-301F-11D3-BF4B-00C04F79EFBC}") = "Kukushka.Talk", "Kukushka.Talk\Kukushka.Talk.csproj", "{B31746A9-4D76-40D9-9C4D-8AE75D97BF81}"
EndProject
Global
	GlobalSection(SolutionConfigurationPlatforms) = preSolution
		Debug|Any CPU = Debug|Any CPU
		Release|Any CPU = Release|Any CPU
	EndGlobalSection
	GlobalSection(ProjectConfigurationPlatforms) = postSolution
		{B31746A9-4D76-40D9-9C4D-8AE75D97BF81}.Debug|Any CPU.ActiveCfg = Debug|Any CPU
		{B31746A9-4D76-40D9-9C4D-8AE75D97BF81}.Debug|Any CPU.Build.0 = Debug|Any CPU
		{B31746A9-4D76-40D9-9C4D-8AE75D97BF81}.Release|Any CPU.ActiveCfg = Release|Any CPU
		{B31746A9-4D76-40D9-9C4D-8AE75D97BF81}.Release|Any CPU.Build.0 = Release|Any CPU
	EndGlobalSection
	GlobalSection(SolutionProperties) = preSolution
		HideSolutionNode = FALSE
	EndGlobalSection
	GlobalSection(ExtensibilityGlobals) = postSolution
		SolutionGuid = {8DEB0C2D-F043-4A7F-B5AD-96B6BE5F611C}
	EndGlobalSection
EndGlobal
